<?xml version="1.0" encoding="utf-8"?>
<Project ToolsVersion="4.0" xmlns="http://schemas.microsoft.com/developer/msbuild/2003">
  <ItemGroup>
    <Filter Include="Source Files">
      <UniqueIdentifier>{4FC737F1-C7A5-4376-A066-2A32D752A2FF}</UniqueIdentifier>
      <Extensions>cpp;c;cc;cxx;def;odl;idl;hpj;bat;asm;asmx</Extensions>
    </Filter>
    <Filter Include="Header Files">
      <UniqueIdentifier>{93995380-89BD-4b04-88EB-625FBE52EBFB}</UniqueIdentifier>
      <Extensions>h;hh;hpp;hxx;hm;inl;inc;xsd</Extensions>
    </Filter>
    <Filter Include="Resource Files">
      <UniqueIdentifier>{67DA6AB6-F800-4c08-8B7A-83BB121AAD01}</UniqueIdentifier>
      <Extensions>rc;ico;cur;bmp;dlg;rc2;rct;bin;rgs;gif;jpg;jpeg;jpe;resx;tiff;tif;png;wav</Extensions>
    </Filter>
  </ItemGroup>
  <ItemGroup>
    <ClCompile Include="samples\obj.c">
      <Filter>Source Files</Filter>
    </ClCompile>
    <ClCompile Include="samples\src\debugger_arm\boot.cpp">
      <Filter>Source Files</Filter>
    </ClCompile>
    <ClCompile Include="samples\src\debugger_arm\GraphicsDriver.cpp">
      <Filter>Source Files</Filter>
    </ClCompile>
    <ClCompile Include="samples\src\debugger_arm\IO.cpp">
      <Filter>Source Files</Filter>
    </ClCompile>
    <ClCompile Include="samples\src\debugger_x86\boot.cpp">
      <Filter>Source Files</Filter>
    </ClCompile>
    <ClCompile Include="samples\src\debugger_x86\GraphicsDriver.cpp">
      <Filter>Source Files</Filter>
    </ClCompile>
    <ClCompile Include="samples\src\debugger_x86\IO.cpp">
      <Filter>Source Files</Filter>
    </ClCompile>
    <ClCompile Include="samples\src\debugger_x86debug\boot.cpp">
      <Filter>Source Files</Filter>
    </ClCompile>
    <ClCompile Include="samples\src\debugger_x86debug\GraphicsDriver.cpp">
      <Filter>Source Files</Filter>
    </ClCompile>
    <ClCompile Include="samples\src\debugger_x86debug\IO.cpp">
      <Filter>Source Files</Filter>
    </ClCompile>
    <ClCompile Include="samples\src\drv-check_x86debug\boot.cpp">
      <Filter>Source Files</Filter>
    </ClCompile>
    <ClCompile Include="samples\src\drv-check_x86debug\IO.cpp">
      <Filter>Source Files</Filter>
    </ClCompile>
    <ClCompile Include="samples\src\drv-check_x86debug\lpp.bak.cpp">
      <Filter>Source Files</Filter>
    </ClCompile>
    <ClCompile Include="samples\src\drv-check_x86debug\lpp.cpp">
      <Filter>Source Files</Filter>
    </ClCompile>
    <ClCompile Include="samples\src\gui_arm\boot.cpp">
      <Filter>Source Files</Filter>
    </ClCompile>
    <ClCompile Include="samples\src\gui_arm\GraphicsDriver.cpp">
      <Filter>Source Files</Filter>
    </ClCompile>
    <ClCompile Include="samples\src\gui_arm\IO.cpp">
      <Filter>Source Files</Filter>
    </ClCompile>
    <ClCompile Include="samples\src\gui_x86\boot.cpp">
      <Filter>Source Files</Filter>
    </ClCompile>
    <ClCompile Include="samples\src\gui_x86\GraphicsDriver.cpp">
      <Filter>Source Files</Filter>
    </ClCompile>
    <ClCompile Include="samples\src\gui_x86\IO.cpp">
      <Filter>Source Files</Filter>
    </ClCompile>
    <ClCompile Include="samples\src\gui_x86debug\boot.cpp">
      <Filter>Source Files</Filter>
    </ClCompile>
    <ClCompile Include="samples\src\gui_x86debug\GraphicsDriver.cpp">
      <Filter>Source Files</Filter>
    </ClCompile>
    <ClCompile Include="samples\src\gui_x86debug\IO.cpp">
      <Filter>Source Files</Filter>
    </ClCompile>
    <ClCompile Include="samples\src\l++_arm\IO.cpp">
      <Filter>Source Files</Filter>
    </ClCompile>
    <ClCompile Include="samples\src\l++_arm\lpp.bak.cpp">
      <Filter>Source Files</Filter>
    </ClCompile>
    <ClCompile Include="samples\src\l++_arm\lpp.cpp">
      <Filter>Source Files</Filter>
    </ClCompile>
    <ClCompile Include="samples\src\l++_x86\IO.cpp">
      <Filter>Source Files</Filter>
    </ClCompile>
    <ClCompile Include="samples\src\l++_x86\lpp.cpp">
      <Filter>Source Files</Filter>
    </ClCompile>
    <ClCompile Include="samples\src\l++_x86debug\IO.cpp">
      <Filter>Source Files</Filter>
    </ClCompile>
    <ClCompile Include="samples\src\l++_x86debug\lpp.bak.cpp">
      <Filter>Source Files</Filter>
    </ClCompile>
    <ClCompile Include="samples\src\l++_x86debug\lpp.cpp">
      <Filter>Source Files</Filter>
    </ClCompile>
    <ClCompile Include="sourcebackup\buffers\stringtable.cpp">
      <Filter>Source Files</Filter>
    </ClCompile>
    <ClCompile Include="sourcebackup\elf\addELFSection.cpp">
      <Filter>Source Files</Filter>
    </ClCompile>
    <ClCompile Include="sourcebackup\elf\addELFSegment.cpp">
      <Filter>Source Files</Filter>
    </ClCompile>
    <ClCompile Include="sourcebackup\elf\addELFSymbol.cpp">
      <Filter>Source Files</Filter>
    </ClCompile>
    <ClCompile Include="sourcebackup\elf\createELF.cpp">
      <Filter>Source Files</Filter>
    </ClCompile>
    <ClCompile Include="sourcebackup\elf\createSection.cpp">
      <Filter>Source Files</Filter>
    </ClCompile>
    <ClCompile Include="sourcebackup\elf\createSegment.cpp">
      <Filter>Source Files</Filter>
    </ClCompile>
    <ClCompile Include="sourcebackup\elf\destroyELF.cpp">
      <Filter>Source Files</Filter>
    </ClCompile>
    <ClCompile Include="sourcebackup\elf\ELFBuilder.cpp">
      <Filter>Source Files</Filter>
    </ClCompile>
    <ClCompile Include="sourcebackup\elf\ELFEmitter.cpp">
      <Filter>Source Files</Filter>
    </ClCompile>
    <ClCompile Include="sourcebackup\elf\ELFLoader.cpp">
      <Filter>Source Files</Filter>
    </ClCompile>
    <ClCompile Include="sourcebackup\elf\ELFReader.cpp">
      <Filter>Source Files</Filter>
    </ClCompile>
    <ClCompile Include="sourcebackup\elf\ELFRepair.cpp">
      <Filter>Source Files</Filter>
    </ClCompile>
    <ClCompile Include="sourcebackup\elf\setELFSectionCount.cpp">
      <Filter>Source Files</Filter>
    </ClCompile>
    <ClCompile Include="sourcebackup\elf\setELFSegmentCount.cpp">
      <Filter>Source Files</Filter>
    </ClCompile>
    <ClCompile Include="sourcebackup\elf\setELFSymbolCount.cpp">
      <Filter>Source Files</Filter>
    </ClCompile>
    <ClCompile Include="sourcebackup\lexer\Lexer.cpp">
      <Filter>Source Files</Filter>
    </ClCompile>
    <ClCompile Include="sourcebackup\lexer\LuaElf.cpp">
      <Filter>Source Files</Filter>
    </ClCompile>
    <ClCompile Include="sourcebackup\lexer\LuaLexer.cpp">
      <Filter>Source Files</Filter>
    </ClCompile>
    <ClCompile Include="sourcebackup\lexer.bak\Lexer.cpp">
      <Filter>Source Files</Filter>
    </ClCompile>
    <ClCompile Include="sourcebackup\lexer.bak\LuaElf.cpp">
      <Filter>Source Files</Filter>
    </ClCompile>
    <ClCompile Include="sourcebackup\lexer.bak\LuaLexer.cpp">
      <Filter>Source Files</Filter>
    </ClCompile>
    <ClCompile Include="sourcebackup\lpp\CommandParser.cpp">
      <Filter>Source Files</Filter>
    </ClCompile>
    <ClCompile Include="sourcebackup\lpp\Services.cpp">
      <Filter>Source Files</Filter>
    </ClCompile>
    <ClCompile Include="sourcebackup\lua\lapi.c">
      <Filter>Source Files</Filter>
    </ClCompile>
    <ClCompile Include="sourcebackup\lua\lauxlib.c">
      <Filter>Source Files</Filter>
    </ClCompile>
    <ClCompile Include="sourcebackup\lua\lbaselib.c">
      <Filter>Source Files</Filter>
    </ClCompile>
    <ClCompile Include="sourcebackup\lua\lcode.c">
      <Filter>Source Files</Filter>
    </ClCompile>
    <ClCompile Include="sourcebackup\lua\lcorolib.c">
      <Filter>Source Files</Filter>
    </ClCompile>
    <ClCompile Include="sourcebackup\lua\lctype.c">
      <Filter>Source Files</Filter>
    </ClCompile>
    <ClCompile Include="sourcebackup\lua\ldblib.c">
      <Filter>Source Files</Filter>
    </ClCompile>
    <ClCompile Include="sourcebackup\lua\ldebug.c">
      <Filter>Source Files</Filter>
    </ClCompile>
    <ClCompile Include="sourcebackup\lua\ldo.c">
      <Filter>Source Files</Filter>
    </ClCompile>
    <ClCompile Include="sourcebackup\lua\ldump.c">
      <Filter>Source Files</Filter>
    </ClCompile>
    <ClCompile Include="sourcebackup\lua\lfunc.c">
      <Filter>Source Files</Filter>
    </ClCompile>
    <ClCompile Include="sourcebackup\lua\lgc.c">
      <Filter>Source Files</Filter>
    </ClCompile>
    <ClCompile Include="sourcebackup\lua\linit.c">
      <Filter>Source Files</Filter>
    </ClCompile>
    <ClCompile Include="sourcebackup\lua\liolib.c">
      <Filter>Source Files</Filter>
    </ClCompile>
    <ClCompile Include="sourcebackup\lua\llex.c">
      <Filter>Source Files</Filter>
    </ClCompile>
    <ClCompile Include="sourcebackup\lua\lmathlib.c">
      <Filter>Source Files</Filter>
    </ClCompile>
    <ClCompile Include="sourcebackup\lua\lmem.c">
      <Filter>Source Files</Filter>
    </ClCompile>
    <ClCompile Include="sourcebackup\lua\loadlib.c">
      <Filter>Source Files</Filter>
    </ClCompile>
    <ClCompile Include="sourcebackup\lua\lobject.c">
      <Filter>Source Files</Filter>
    </ClCompile>
    <ClCompile Include="sourcebackup\lua\lopcodes.c">
      <Filter>Source Files</Filter>
    </ClCompile>
    <ClCompile Include="sourcebackup\lua\loslib.c">
      <Filter>Source Files</Filter>
    </ClCompile>
    <ClCompile Include="sourcebackup\lua\lparser.c">
      <Filter>Source Files</Filter>
    </ClCompile>
    <ClCompile Include="sourcebackup\lua\lstate.c">
      <Filter>Source Files</Filter>
    </ClCompile>
    <ClCompile Include="sourcebackup\lua\lstring.c">
      <Filter>Source Files</Filter>
    </ClCompile>
    <ClCompile Include="sourcebackup\lua\lstrlib.c">
      <Filter>Source Files</Filter>
    </ClCompile>
    <ClCompile Include="sourcebackup\lua\ltable.c">
      <Filter>Source Files</Filter>
    </ClCompile>
    <ClCompile Include="sourcebackup\lua\ltablib.c">
      <Filter>Source Files</Filter>
    </ClCompile>
    <ClCompile Include="sourcebackup\lua\ltm.c">
      <Filter>Source Files</Filter>
    </ClCompile>
    <ClCompile Include="sourcebackup\lua\lua.c">
      <Filter>Source Files</Filter>
    </ClCompile>
    <ClCompile Include="sourcebackup\lua\luac.c">
      <Filter>Source Files</Filter>
    </ClCompile>
    <ClCompile Include="sourcebackup\lua\lundump.c">
      <Filter>Source Files</Filter>
    </ClCompile>
    <ClCompile Include="sourcebackup\lua\lutf8lib.c">
      <Filter>Source Files</Filter>
    </ClCompile>
    <ClCompile Include="sourcebackup\lua\lvm.c">
      <Filter>Source Files</Filter>
    </ClCompile>
    <ClCompile Include="sourcebackup\lua\lzio.c">
      <Filter>Source Files</Filter>
    </ClCompile>
    <ClCompile Include="sourcebackup\src\application.cpp">
      <Filter>Source Files</Filter>
    </ClCompile>
    <ClCompile Include="sourcebackup\src\Debug.cpp">
      <Filter>Source Files</Filter>
    </ClCompile>
    <ClCompile Include="sourcebackup\src\Interrupts.cpp">
      <Filter>Source Files</Filter>
    </ClCompile>
    <ClCompile Include="sourcebackup\src\kernel.cpp">
      <Filter>Source Files</Filter>
    </ClCompile>
    <ClCompile Include="sourcebackup\src\LuaLibraries.cpp">
      <Filter>Source Files</Filter>
    </ClCompile>
    <ClCompile Include="sourcebackup\src\R2D.cpp">
      <Filter>Source Files</Filter>
    </ClCompile>
    <ClCompile Include="sourcebackup\src\ROM.cpp">
      <Filter>Source Files</Filter>
    </ClCompile>
    <ClCompile Include="sourcebackup2\buffers\stringtable.cpp">
      <Filter>Source Files</Filter>
    </ClCompile>
    <ClCompile Include="sourcebackup2\elf\addELFSection.cpp">
      <Filter>Source Files</Filter>
    </ClCompile>
    <ClCompile Include="sourcebackup2\elf\addELFSegment.cpp">
      <Filter>Source Files</Filter>
    </ClCompile>
    <ClCompile Include="sourcebackup2\elf\addELFSymbol.cpp">
      <Filter>Source Files</Filter>
    </ClCompile>
    <ClCompile Include="sourcebackup2\elf\createELF.cpp">
      <Filter>Source Files</Filter>
    </ClCompile>
    <ClCompile Include="sourcebackup2\elf\createSection.cpp">
      <Filter>Source Files</Filter>
    </ClCompile>
    <ClCompile Include="sourcebackup2\elf\createSegment.cpp">
      <Filter>Source Files</Filter>
    </ClCompile>
    <ClCompile Include="sourcebackup2\elf\destroyELF.cpp">
      <Filter>Source Files</Filter>
    </ClCompile>
    <ClCompile Include="sourcebackup2\elf\ELFBuilder.cpp">
      <Filter>Source Files</Filter>
    </ClCompile>
    <ClCompile Include="sourcebackup2\elf\ELFEmitter.cpp">
      <Filter>Source Files</Filter>
    </ClCompile>
    <ClCompile Include="sourcebackup2\elf\ELFLoader.cpp">
      <Filter>Source Files</Filter>
    </ClCompile>
    <ClCompile Include="sourcebackup2\elf\ELFReader.cpp">
      <Filter>Source Files</Filter>
    </ClCompile>
    <ClCompile Include="sourcebackup2\elf\ELFRepair.cpp">
      <Filter>Source Files</Filter>
    </ClCompile>
    <ClCompile Include="sourcebackup2\elf\setELFSectionCount.cpp">
      <Filter>Source Files</Filter>
    </ClCompile>
    <ClCompile Include="sourcebackup2\elf\setELFSegmentCount.cpp">
      <Filter>Source Files</Filter>
    </ClCompile>
    <ClCompile Include="sourcebackup2\elf\setELFSymbolCount.cpp">
      <Filter>Source Files</Filter>
    </ClCompile>
    <ClCompile Include="sourcebackup2\lexer\Lexer.cpp">
      <Filter>Source Files</Filter>
    </ClCompile>
    <ClCompile Include="sourcebackup2\lexer\LuaElf.cpp">
      <Filter>Source Files</Filter>
    </ClCompile>
    <ClCompile Include="sourcebackup2\lexer\LuaLexer.cpp">
      <Filter>Source Files</Filter>
    </ClCompile>
    <ClCompile Include="sourcebackup2\lexer.bak\Lexer.cpp">
      <Filter>Source Files</Filter>
    </ClCompile>
    <ClCompile Include="sourcebackup2\lexer.bak\LuaElf.cpp">
      <Filter>Source Files</Filter>
    </ClCompile>
    <ClCompile Include="sourcebackup2\lexer.bak\LuaLexer.cpp">
      <Filter>Source Files</Filter>
    </ClCompile>
    <ClCompile Include="sourcebackup2\lpp\CommandParser.cpp">
      <Filter>Source Files</Filter>
    </ClCompile>
    <ClCompile Include="sourcebackup2\lpp\Services.cpp">
      <Filter>Source Files</Filter>
    </ClCompile>
    <ClCompile Include="sourcebackup2\lua\lapi.c">
      <Filter>Source Files</Filter>
    </ClCompile>
    <ClCompile Include="sourcebackup2\lua\lauxlib.c">
      <Filter>Source Files</Filter>
    </ClCompile>
    <ClCompile Include="sourcebackup2\lua\lbaselib.c">
      <Filter>Source Files</Filter>
    </ClCompile>
    <ClCompile Include="sourcebackup2\lua\lcode.c">
      <Filter>Source Files</Filter>
    </ClCompile>
    <ClCompile Include="sourcebackup2\lua\lcorolib.c">
      <Filter>Source Files</Filter>
    </ClCompile>
    <ClCompile Include="sourcebackup2\lua\lctype.c">
      <Filter>Source Files</Filter>
    </ClCompile>
    <ClCompile Include="sourcebackup2\lua\ldblib.c">
      <Filter>Source Files</Filter>
    </ClCompile>
    <ClCompile Include="sourcebackup2\lua\ldebug.c">
      <Filter>Source Files</Filter>
    </ClCompile>
    <ClCompile Include="sourcebackup2\lua\ldo.c">
      <Filter>Source Files</Filter>
    </ClCompile>
    <ClCompile Include="sourcebackup2\lua\ldump.c">
      <Filter>Source Files</Filter>
    </ClCompile>
    <ClCompile Include="sourcebackup2\lua\lfunc.c">
      <Filter>Source Files</Filter>
    </ClCompile>
    <ClCompile Include="sourcebackup2\lua\lgc.c">
      <Filter>Source Files</Filter>
    </ClCompile>
    <ClCompile Include="sourcebackup2\lua\linit.c">
      <Filter>Source Files</Filter>
    </ClCompile>
    <ClCompile Include="sourcebackup2\lua\liolib.c">
      <Filter>Source Files</Filter>
    </ClCompile>
    <ClCompile Include="sourcebackup2\lua\llex.c">
      <Filter>Source Files</Filter>
    </ClCompile>
    <ClCompile Include="sourcebackup2\lua\lmathlib.c">
      <Filter>Source Files</Filter>
    </ClCompile>
    <ClCompile Include="sourcebackup2\lua\lmem.c">
      <Filter>Source Files</Filter>
    </ClCompile>
    <ClCompile Include="sourcebackup2\lua\loadlib.c">
      <Filter>Source Files</Filter>
    </ClCompile>
    <ClCompile Include="sourcebackup2\lua\lobject.c">
      <Filter>Source Files</Filter>
    </ClCompile>
    <ClCompile Include="sourcebackup2\lua\lopcodes.c">
      <Filter>Source Files</Filter>
    </ClCompile>
    <ClCompile Include="sourcebackup2\lua\loslib.c">
      <Filter>Source Files</Filter>
    </ClCompile>
    <ClCompile Include="sourcebackup2\lua\lparser.c">
      <Filter>Source Files</Filter>
    </ClCompile>
    <ClCompile Include="sourcebackup2\lua\lstate.c">
      <Filter>Source Files</Filter>
    </ClCompile>
    <ClCompile Include="sourcebackup2\lua\lstring.c">
      <Filter>Source Files</Filter>
    </ClCompile>
    <ClCompile Include="sourcebackup2\lua\lstrlib.c">
      <Filter>Source Files</Filter>
    </ClCompile>
    <ClCompile Include="sourcebackup2\lua\ltable.c">
      <Filter>Source Files</Filter>
    </ClCompile>
    <ClCompile Include="sourcebackup2\lua\ltablib.c">
      <Filter>Source Files</Filter>
    </ClCompile>
    <ClCompile Include="sourcebackup2\lua\ltm.c">
      <Filter>Source Files</Filter>
    </ClCompile>
    <ClCompile Include="sourcebackup2\lua\lua.c">
      <Filter>Source Files</Filter>
    </ClCompile>
    <ClCompile Include="sourcebackup2\lua\luac.c">
      <Filter>Source Files</Filter>
    </ClCompile>
    <ClCompile Include="sourcebackup2\lua\lundump.c">
      <Filter>Source Files</Filter>
    </ClCompile>
    <ClCompile Include="sourcebackup2\lua\lutf8lib.c">
      <Filter>Source Files</Filter>
    </ClCompile>
    <ClCompile Include="sourcebackup2\lua\lvm.c">
      <Filter>Source Files</Filter>
    </ClCompile>
    <ClCompile Include="sourcebackup2\lua\lzio.c">
      <Filter>Source Files</Filter>
    </ClCompile>
    <ClCompile Include="sourcebackup2\src\application.cpp">
      <Filter>Source Files</Filter>
    </ClCompile>
    <ClCompile Include="sourcebackup2\src\Debug.cpp">
      <Filter>Source Files</Filter>
    </ClCompile>
    <ClCompile Include="sourcebackup2\src\Interrupts.cpp">
      <Filter>Source Files</Filter>
    </ClCompile>
    <ClCompile Include="sourcebackup2\src\kernel.cpp">
      <Filter>Source Files</Filter>
    </ClCompile>
    <ClCompile Include="sourcebackup2\src\LuaLibraries.cpp">
      <Filter>Source Files</Filter>
    </ClCompile>
    <ClCompile Include="sourcebackup2\src\R2D.cpp">
      <Filter>Source Files</Filter>
    </ClCompile>
    <ClCompile Include="sourcebackup2\src\ROM.cpp">
      <Filter>Source Files</Filter>
    </ClCompile>
    <ClCompile Include="Source\stdlib\mem.cpp">
      <Filter>Source Files</Filter>
    </ClCompile>
    <ClCompile Include="Source\stdlib\Strings.cpp">
      <Filter>Source Files</Filter>
    </ClCompile>
    <ClCompile Include="Tests\Boot.cpp">
      <Filter>Source Files</Filter>
    </ClCompile>
    <ClCompile Include="Source\stdlib\ELF32.cpp">
      <Filter>Source Files</Filter>
    </ClCompile>
    <ClCompile Include="Source\stdlib\ELF64.cpp">
      <Filter>Source Files</Filter>
    </ClCompile>
  </ItemGroup>
  <ItemGroup>
    <ClInclude Include="build\include\begin_code.h">
      <Filter>Header Files</Filter>
    </ClInclude>
    <ClInclude Include="build\include\close_code.h">
      <Filter>Header Files</Filter>
    </ClInclude>
    <ClInclude Include="build\include\lapi.h">
      <Filter>Header Files</Filter>
    </ClInclude>
    <ClInclude Include="build\include\lauxlib.h">
      <Filter>Header Files</Filter>
    </ClInclude>
    <ClInclude Include="build\include\lcode.h">
      <Filter>Header Files</Filter>
    </ClInclude>
    <ClInclude Include="build\include\lctype.h">
      <Filter>Header Files</Filter>
    </ClInclude>
    <ClInclude Include="build\include\ldebug.h">
      <Filter>Header Files</Filter>
    </ClInclude>
    <ClInclude Include="build\include\ldo.h">
      <Filter>Header Files</Filter>
    </ClInclude>
    <ClInclude Include="build\include\lfunc.h">
      <Filter>Header Files</Filter>
    </ClInclude>
    <ClInclude Include="build\include\lgc.h">
      <Filter>Header Files</Filter>
    </ClInclude>
    <ClInclude Include="build\include\ljumptab.h">
      <Filter>Header Files</Filter>
    </ClInclude>
    <ClInclude Include="build\include\llex.h">
      <Filter>Header Files</Filter>
    </ClInclude>
    <ClInclude Include="build\include\llimits.h">
      <Filter>Header Files</Filter>
    </ClInclude>
    <ClInclude Include="build\include\lmem.h">
      <Filter>Header Files</Filter>
    </ClInclude>
    <ClInclude Include="build\include\lobject.h">
      <Filter>Header Files</Filter>
    </ClInclude>
    <ClInclude Include="build\include\lopcodes.h">
      <Filter>Header Files</Filter>
    </ClInclude>
    <ClInclude Include="build\include\lopnames.h">
      <Filter>Header Files</Filter>
    </ClInclude>
    <ClInclude Include="build\include\lparser.h">
      <Filter>Header Files</Filter>
    </ClInclude>
    <ClInclude Include="build\include\lprefix.h">
      <Filter>Header Files</Filter>
    </ClInclude>
    <ClInclude Include="build\include\lstate.h">
      <Filter>Header Files</Filter>
    </ClInclude>
    <ClInclude Include="build\include\lstring.h">
      <Filter>Header Files</Filter>
    </ClInclude>
    <ClInclude Include="build\include\ltable.h">
      <Filter>Header Files</Filter>
    </ClInclude>
    <ClInclude Include="build\include\ltm.h">
      <Filter>Header Files</Filter>
    </ClInclude>
    <ClInclude Include="build\include\lua.h">
      <Filter>Header Files</Filter>
    </ClInclude>
    <ClInclude Include="build\include\luaconf.h">
      <Filter>Header Files</Filter>
    </ClInclude>
    <ClInclude Include="build\include\lualib.h">
      <Filter>Header Files</Filter>
    </ClInclude>
    <ClInclude Include="build\include\lundump.h">
      <Filter>Header Files</Filter>
    </ClInclude>
    <ClInclude Include="build\include\lvm.h">
      <Filter>Header Files</Filter>
    </ClInclude>
    <ClInclude Include="build\include\lzio.h">
      <Filter>Header Files</Filter>
    </ClInclude>
    <ClInclude Include="build\include\SDL.h">
      <Filter>Header Files</Filter>
    </ClInclude>
    <ClInclude Include="build\include\SDL_assert.h">
      <Filter>Header Files</Filter>
    </ClInclude>
    <ClInclude Include="build\include\SDL_atomic.h">
      <Filter>Header Files</Filter>
    </ClInclude>
    <ClInclude Include="build\include\SDL_audio.h">
      <Filter>Header Files</Filter>
    </ClInclude>
    <ClInclude Include="build\include\SDL_bits.h">
      <Filter>Header Files</Filter>
    </ClInclude>
    <ClInclude Include="build\include\SDL_blendmode.h">
      <Filter>Header Files</Filter>
    </ClInclude>
    <ClInclude Include="build\include\SDL_clipboard.h">
      <Filter>Header Files</Filter>
    </ClInclude>
    <ClInclude Include="build\include\SDL_config.h">
      <Filter>Header Files</Filter>
    </ClInclude>
    <ClInclude Include="build\include\SDL_config_android.h">
      <Filter>Header Files</Filter>
    </ClInclude>
    <ClInclude Include="build\include\SDL_config_emscripten.h">
      <Filter>Header Files</Filter>
    </ClInclude>
    <ClInclude Include="build\include\SDL_config_iphoneos.h">
      <Filter>Header Files</Filter>
    </ClInclude>
    <ClInclude Include="build\include\SDL_config_macosx.h">
      <Filter>Header Files</Filter>
    </ClInclude>
    <ClInclude Include="build\include\SDL_config_minimal.h">
      <Filter>Header Files</Filter>
    </ClInclude>
    <ClInclude Include="build\include\SDL_config_ngage.h">
      <Filter>Header Files</Filter>
    </ClInclude>
    <ClInclude Include="build\include\SDL_config_os2.h">
      <Filter>Header Files</Filter>
    </ClInclude>
    <ClInclude Include="build\include\SDL_config_pandora.h">
      <Filter>Header Files</Filter>
    </ClInclude>
    <ClInclude Include="build\include\SDL_config_windows.h">
      <Filter>Header Files</Filter>
    </ClInclude>
    <ClInclude Include="build\include\SDL_config_wingdk.h">
      <Filter>Header Files</Filter>
    </ClInclude>
    <ClInclude Include="build\include\SDL_config_winrt.h">
      <Filter>Header Files</Filter>
    </ClInclude>
    <ClInclude Include="build\include\SDL_config_xbox.h">
      <Filter>Header Files</Filter>
    </ClInclude>
    <ClInclude Include="build\include\SDL_copying.h">
      <Filter>Header Files</Filter>
    </ClInclude>
    <ClInclude Include="build\include\SDL_cpuinfo.h">
      <Filter>Header Files</Filter>
    </ClInclude>
    <ClInclude Include="build\include\SDL_egl.h">
      <Filter>Header Files</Filter>
    </ClInclude>
    <ClInclude Include="build\include\SDL_endian.h">
      <Filter>Header Files</Filter>
    </ClInclude>
    <ClInclude Include="build\include\SDL_error.h">
      <Filter>Header Files</Filter>
    </ClInclude>
    <ClInclude Include="build\include\SDL_events.h">
      <Filter>Header Files</Filter>
    </ClInclude>
    <ClInclude Include="build\include\SDL_filesystem.h">
      <Filter>Header Files</Filter>
    </ClInclude>
    <ClInclude Include="build\include\SDL_gamecontroller.h">
      <Filter>Header Files</Filter>
    </ClInclude>
    <ClInclude Include="build\include\SDL_gesture.h">
      <Filter>Header Files</Filter>
    </ClInclude>
    <ClInclude Include="build\include\SDL_guid.h">
      <Filter>Header Files</Filter>
    </ClInclude>
    <ClInclude Include="build\include\SDL_haptic.h">
      <Filter>Header Files</Filter>
    </ClInclude>
    <ClInclude Include="build\include\SDL_hidapi.h">
      <Filter>Header Files</Filter>
    </ClInclude>
    <ClInclude Include="build\include\SDL_hints.h">
      <Filter>Header Files</Filter>
    </ClInclude>
    <ClInclude Include="build\include\SDL_joystick.h">
      <Filter>Header Files</Filter>
    </ClInclude>
    <ClInclude Include="build\include\SDL_keyboard.h">
      <Filter>Header Files</Filter>
    </ClInclude>
    <ClInclude Include="build\include\SDL_keycode.h">
      <Filter>Header Files</Filter>
    </ClInclude>
    <ClInclude Include="build\include\SDL_loadso.h">
      <Filter>Header Files</Filter>
    </ClInclude>
    <ClInclude Include="build\include\SDL_locale.h">
      <Filter>Header Files</Filter>
    </ClInclude>
    <ClInclude Include="build\include\SDL_log.h">
      <Filter>Header Files</Filter>
    </ClInclude>
    <ClInclude Include="build\include\SDL_main.h">
      <Filter>Header Files</Filter>
    </ClInclude>
    <ClInclude Include="build\include\SDL_messagebox.h">
      <Filter>Header Files</Filter>
    </ClInclude>
    <ClInclude Include="build\include\SDL_metal.h">
      <Filter>Header Files</Filter>
    </ClInclude>
    <ClInclude Include="build\include\SDL_misc.h">
      <Filter>Header Files</Filter>
    </ClInclude>
    <ClInclude Include="build\include\SDL_mouse.h">
      <Filter>Header Files</Filter>
    </ClInclude>
    <ClInclude Include="build\include\SDL_mutex.h">
      <Filter>Header Files</Filter>
    </ClInclude>
    <ClInclude Include="build\include\SDL_name.h">
      <Filter>Header Files</Filter>
    </ClInclude>
    <ClInclude Include="build\include\SDL_opengl.h">
      <Filter>Header Files</Filter>
    </ClInclude>
    <ClInclude Include="build\include\SDL_opengles.h">
      <Filter>Header Files</Filter>
    </ClInclude>
    <ClInclude Include="build\include\SDL_opengles2.h">
      <Filter>Header Files</Filter>
    </ClInclude>
    <ClInclude Include="build\include\SDL_opengles2_gl2.h">
      <Filter>Header Files</Filter>
    </ClInclude>
    <ClInclude Include="build\include\SDL_opengles2_gl2ext.h">
      <Filter>Header Files</Filter>
    </ClInclude>
    <ClInclude Include="build\include\SDL_opengles2_gl2platform.h">
      <Filter>Header Files</Filter>
    </ClInclude>
    <ClInclude Include="build\include\SDL_opengles2_khrplatform.h">
      <Filter>Header Files</Filter>
    </ClInclude>
    <ClInclude Include="build\include\SDL_opengl_glext.h">
      <Filter>Header Files</Filter>
    </ClInclude>
    <ClInclude Include="build\include\SDL_pixels.h">
      <Filter>Header Files</Filter>
    </ClInclude>
    <ClInclude Include="build\include\SDL_platform.h">
      <Filter>Header Files</Filter>
    </ClInclude>
    <ClInclude Include="build\include\SDL_power.h">
      <Filter>Header Files</Filter>
    </ClInclude>
    <ClInclude Include="build\include\SDL_quit.h">
      <Filter>Header Files</Filter>
    </ClInclude>
    <ClInclude Include="build\include\SDL_rect.h">
      <Filter>Header Files</Filter>
    </ClInclude>
    <ClInclude Include="build\include\SDL_render.h">
      <Filter>Header Files</Filter>
    </ClInclude>
    <ClInclude Include="build\include\SDL_revision.h">
      <Filter>Header Files</Filter>
    </ClInclude>
    <ClInclude Include="build\include\SDL_rwops.h">
      <Filter>Header Files</Filter>
    </ClInclude>
    <ClInclude Include="build\include\SDL_scancode.h">
      <Filter>Header Files</Filter>
    </ClInclude>
    <ClInclude Include="build\include\SDL_sensor.h">
      <Filter>Header Files</Filter>
    </ClInclude>
    <ClInclude Include="build\include\SDL_shape.h">
      <Filter>Header Files</Filter>
    </ClInclude>
    <ClInclude Include="build\include\SDL_stdinc.h">
      <Filter>Header Files</Filter>
    </ClInclude>
    <ClInclude Include="build\include\SDL_surface.h">
      <Filter>Header Files</Filter>
    </ClInclude>
    <ClInclude Include="build\include\SDL_system.h">
      <Filter>Header Files</Filter>
    </ClInclude>
    <ClInclude Include="build\include\SDL_syswm.h">
      <Filter>Header Files</Filter>
    </ClInclude>
    <ClInclude Include="build\include\SDL_test.h">
      <Filter>Header Files</Filter>
    </ClInclude>
    <ClInclude Include="build\include\SDL_test_assert.h">
      <Filter>Header Files</Filter>
    </ClInclude>
    <ClInclude Include="build\include\SDL_test_common.h">
      <Filter>Header Files</Filter>
    </ClInclude>
    <ClInclude Include="build\include\SDL_test_compare.h">
      <Filter>Header Files</Filter>
    </ClInclude>
    <ClInclude Include="build\include\SDL_test_crc32.h">
      <Filter>Header Files</Filter>
    </ClInclude>
    <ClInclude Include="build\include\SDL_test_font.h">
      <Filter>Header Files</Filter>
    </ClInclude>
    <ClInclude Include="build\include\SDL_test_fuzzer.h">
      <Filter>Header Files</Filter>
    </ClInclude>
    <ClInclude Include="build\include\SDL_test_harness.h">
      <Filter>Header Files</Filter>
    </ClInclude>
    <ClInclude Include="build\include\SDL_test_images.h">
      <Filter>Header Files</Filter>
    </ClInclude>
    <ClInclude Include="build\include\SDL_test_log.h">
      <Filter>Header Files</Filter>
    </ClInclude>
    <ClInclude Include="build\include\SDL_test_md5.h">
      <Filter>Header Files</Filter>
    </ClInclude>
    <ClInclude Include="build\include\SDL_test_memory.h">
      <Filter>Header Files</Filter>
    </ClInclude>
    <ClInclude Include="build\include\SDL_test_random.h">
      <Filter>Header Files</Filter>
    </ClInclude>
    <ClInclude Include="build\include\SDL_thread.h">
      <Filter>Header Files</Filter>
    </ClInclude>
    <ClInclude Include="build\include\SDL_timer.h">
      <Filter>Header Files</Filter>
    </ClInclude>
    <ClInclude Include="build\include\SDL_touch.h">
      <Filter>Header Files</Filter>
    </ClInclude>
    <ClInclude Include="build\include\SDL_types.h">
      <Filter>Header Files</Filter>
    </ClInclude>
    <ClInclude Include="build\include\SDL_version.h">
      <Filter>Header Files</Filter>
    </ClInclude>
    <ClInclude Include="build\include\SDL_video.h">
      <Filter>Header Files</Filter>
    </ClInclude>
    <ClInclude Include="build\include\SDL_vulkan.h">
      <Filter>Header Files</Filter>
    </ClInclude>
    <ClInclude Include="sourcebackup\include\ELF32.h">
      <Filter>Header Files</Filter>
    </ClInclude>
    <ClInclude Include="sourcebackup\include\ELF64.h">
      <Filter>Header Files</Filter>
    </ClInclude>
    <ClInclude Include="sourcebackup\include\ELFBuilder.h">
      <Filter>Header Files</Filter>
    </ClInclude>
    <ClInclude Include="sourcebackup\include\ELFEmitter.h">
      <Filter>Header Files</Filter>
    </ClInclude>
    <ClInclude Include="sourcebackup\include\ELFLoader.h">
      <Filter>Header Files</Filter>
    </ClInclude>
    <ClInclude Include="sourcebackup\include\ELFReader.h">
      <Filter>Header Files</Filter>
    </ClInclude>
    <ClInclude Include="sourcebackup\include\ELFRepair.h">
      <Filter>Header Files</Filter>
    </ClInclude>
    <ClInclude Include="sourcebackup\include\ELFUtils.h">
      <Filter>Header Files</Filter>
    </ClInclude>
    <ClInclude Include="sourcebackup\include\Kernel.h">
      <Filter>Header Files</Filter>
    </ClInclude>
    <ClInclude Include="sourcebackup\include\Lexer.h">
      <Filter>Header Files</Filter>
    </ClInclude>
    <ClInclude Include="sourcebackup\include\Localization.h">
      <Filter>Header Files</Filter>
    </ClInclude>
    <ClInclude Include="sourcebackup\include\Lpp.h">
      <Filter>Header Files</Filter>
    </ClInclude>
    <ClInclude Include="sourcebackup\include\LuaElf.h">
      <Filter>Header Files</Filter>
    </ClInclude>
    <ClInclude Include="sourcebackup\include\LuaFlags.h">
      <Filter>Header Files</Filter>
    </ClInclude>
    <ClInclude Include="sourcebackup\include\LuaLexer.h">
      <Filter>Header Files</Filter>
    </ClInclude>
    <ClInclude Include="sourcebackup2\include\ELF32.h">
      <Filter>Header Files</Filter>
    </ClInclude>
    <ClInclude Include="sourcebackup2\include\ELF64.h">
      <Filter>Header Files</Filter>
    </ClInclude>
    <ClInclude Include="sourcebackup2\include\ELFBuilder.h">
      <Filter>Header Files</Filter>
    </ClInclude>
    <ClInclude Include="sourcebackup2\include\ELFEmitter.h">
      <Filter>Header Files</Filter>
    </ClInclude>
    <ClInclude Include="sourcebackup2\include\ELFLoader.h">
      <Filter>Header Files</Filter>
    </ClInclude>
    <ClInclude Include="sourcebackup2\include\ELFReader.h">
      <Filter>Header Files</Filter>
    </ClInclude>
    <ClInclude Include="sourcebackup2\include\ELFRepair.h">
      <Filter>Header Files</Filter>
    </ClInclude>
    <ClInclude Include="sourcebackup2\include\ELFUtils.h">
      <Filter>Header Files</Filter>
    </ClInclude>
    <ClInclude Include="sourcebackup2\include\Kernel.h">
      <Filter>Header Files</Filter>
    </ClInclude>
    <ClInclude Include="sourcebackup2\include\Lexer.h">
      <Filter>Header Files</Filter>
    </ClInclude>
    <ClInclude Include="sourcebackup2\include\Localization.h">
      <Filter>Header Files</Filter>
    </ClInclude>
    <ClInclude Include="sourcebackup2\include\Lpp.h">
      <Filter>Header Files</Filter>
    </ClInclude>
    <ClInclude Include="sourcebackup2\include\LuaElf.h">
      <Filter>Header Files</Filter>
    </ClInclude>
    <ClInclude Include="sourcebackup2\include\LuaFlags.h">
      <Filter>Header Files</Filter>
    </ClInclude>
    <ClInclude Include="sourcebackup2\include\LuaLexer.h">
      <Filter>Header Files</Filter>
    </ClInclude>
    <ClInclude Include="Source\include\List.h">
      <Filter>Header Files</Filter>
    </ClInclude>
    <ClInclude Include="Source\include\Defs.h">
      <Filter>Header Files</Filter>
    </ClInclude>
    <ClInclude Include="Source\include\mem.h">
      <Filter>Header Files</Filter>
    </ClInclude>
    <ClInclude Include="Source\include\Sizes.h">
      <Filter>Header Files</Filter>
    </ClInclude>
    <ClInclude Include="Source\include\UniqueList.h">
      <Filter>Header Files</Filter>
    </ClInclude>
    <ClInclude Include="Source\include\List.hxx">
      <Filter>Header Files</Filter>
    </ClInclude>
    <ClInclude Include="Source\include\UniqueList.hxx">
      <Filter>Header Files</Filter>
    </ClInclude>
    <ClInclude Include="Source\include\mem.hxx">
      <Filter>Header Files</Filter>
    </ClInclude>
    <ClInclude Include="Source\include\Strings.h">
      <Filter>Header Files</Filter>
    </ClInclude>
    <ClInclude Include="Source\include\stdlib.h">
      <Filter>Header Files</Filter>
    </ClInclude>
    <ClInclude Include="Source\include\Strings.hxx">
      <Filter>Header Files</Filter>
    </ClInclude>
    <ClInclude Include="Source\include\ELF32.h">
      <Filter>Header Files</Filter>
    </ClInclude>
    <ClInclude Include="Source\include\ELF64.h">
      <Filter>Header Files</Filter>
    </ClInclude>
    <ClInclude Include="Source\include\ELF.h">
      <Filter>Header Files</Filter>
    </ClInclude>
  </ItemGroup>
  <ItemGroup>
    <None Include=".vs\bbp\v17\workspaceFileList.bin">
      <Filter>Resource Files</Filter>
    </None>
  </ItemGroup>
</Project>